
Microsoft Visual Studio Solution File, Format Version 12.00
# Visual Studio Version 17
VisualStudioVersion = 17.7.34031.279
MinimumVisualStudioVersion = 10.0.40219.1
Project("{FAE04EC0-301F-11D3-BF4B-00C04F79EFBC}") = "ui_qlnhahang", "ui_qlnhahang\ui_qlnhahang.csproj", "{2D4D57A7-F11D-45C4-9638-9F879D4EA000}"
EndProject
Global
	GlobalSection(SolutionConfigurationPlatforms) = preSolution
		Debug|Any CPU = Debug|Any CPU
		Release|Any CPU = Release|Any CPU
	EndGlobalSection
	GlobalSection(ProjectConfigurationPlatforms) = postSolution
		{2D4D57A7-F11D-45C4-9638-9F879D4EA000}.Debug|Any CPU.ActiveCfg = Debug|Any CPU
		{2D4D57A7-F11D-45C4-9638-9F879D4EA000}.Debug|Any CPU.Build.0 = Debug|Any CPU
		{2D4D57A7-F11D-45C4-9638-9F879D4EA000}.Release|Any CPU.ActiveCfg = Release|Any CPU
		{2D4D57A7-F11D-45C4-9638-9F879D4EA000}.Release|Any CPU.Build.0 = Release|Any CPU
	EndGlobalSection
	GlobalSection(SolutionProperties) = preSolution
		HideSolutionNode = FALSE
	EndGlobalSection
	GlobalSection(ExtensibilityGlobals) = postSolution
		SolutionGuid = {292168B4-9D0D-40FF-9352-623DBE5C11F8}
	EndGlobalSection
EndGlobal
